
Microsoft Visual Studio Solution File, Format Version 12.00
# Visual Studio Version 17
VisualStudioVersion = 17.0.33130.402
MinimumVisualStudioVersion = 10.0.40219.1
Project("{FAE04EC0-301F-11D3-BF4B-00C04F79EFBC}") = "ControleEstoque.Web", "ControleEstoque.Web\ControleEstoque.Web.csproj", "{4F2E7F16-8C8E-40FB-A167-FC5B05BFBE6A}"
EndProject
Global
	GlobalSection(SolutionConfigurationPlatforms) = preSolution
		Debug|Any CPU = Debug|Any CPU
		Release|Any CPU = Release|Any CPU
	EndGlobalSection
	GlobalSection(ProjectConfigurationPlatforms) = postSolution
		{4F2E7F16-8C8E-40FB-A167-FC5B05BFBE6A}.Debug|Any CPU.ActiveCfg = Debug|Any CPU
		{4F2E7F16-8C8E-40FB-A167-FC5B05BFBE6A}.Debug|Any CPU.Build.0 = Debug|Any CPU
		{4F2E7F16-8C8E-40FB-A167-FC5B05BFBE6A}.Release|Any CPU.ActiveCfg = Release|Any CPU
		{4F2E7F16-8C8E-40FB-A167-FC5B05BFBE6A}.Release|Any CPU.Build.0 = Release|Any CPU
	EndGlobalSection
	GlobalSection(SolutionProperties) = preSolution
		HideSolutionNode = FALSE
	EndGlobalSection
	GlobalSection(ExtensibilityGlobals) = postSolution
		SolutionGuid = {FC5F05C6-5F50-4D41-A7D5-861A8873472F}
	EndGlobalSection
EndGlobal
